
Microsoft Visual Studio Solution File, Format Version 12.00
# Visual Studio Version 16
VisualStudioVersion = 16.0.31515.178
MinimumVisualStudioVersion = 10.0.40219.1
Project("{888888A0-9F3D-457C-B088-3A5042F75D52}") = "game_random_number", "game_random_number.pyproj", "{F850514A-026B-4D8B-9FD9-72015E096554}"
EndProject
Global
	GlobalSection(SolutionConfigurationPlatforms) = preSolution
		Debug|Any CPU = Debug|Any CPU
		Release|Any CPU = Release|Any CPU
	EndGlobalSection
	GlobalSection(ProjectConfigurationPlatforms) = postSolution
		{F850514A-026B-4D8B-9FD9-72015E096554}.Debug|Any CPU.ActiveCfg = Debug|Any CPU
		{F850514A-026B-4D8B-9FD9-72015E096554}.Release|Any CPU.ActiveCfg = Release|Any CPU
	EndGlobalSection
	GlobalSection(SolutionProperties) = preSolution
		HideSolutionNode = FALSE
	EndGlobalSection
	GlobalSection(ExtensibilityGlobals) = postSolution
		SolutionGuid = {714692A2-1C00-46D6-8FFF-DEC53A280F13}
	EndGlobalSection
EndGlobal
